
Microsoft Visual Studio Solution File, Format Version 12.00
Project("{FAE04EC0-301F-11D3-BF4B-00C04F79EFBC}") = "fnws-weather", "fnws-weather\fnws-weather.csproj", "{DAB45919-07FA-425C-8680-0157613D5785}"
EndProject
Global
	GlobalSection(SolutionConfigurationPlatforms) = preSolution
		Debug|Any CPU = Debug|Any CPU
		Release|Any CPU = Release|Any CPU
	EndGlobalSection
	GlobalSection(ProjectConfigurationPlatforms) = postSolution
		{DAB45919-07FA-425C-8680-0157613D5785}.Debug|Any CPU.ActiveCfg = Debug|Any CPU
		{DAB45919-07FA-425C-8680-0157613D5785}.Debug|Any CPU.Build.0 = Debug|Any CPU
		{DAB45919-07FA-425C-8680-0157613D5785}.Release|Any CPU.ActiveCfg = Release|Any CPU
		{DAB45919-07FA-425C-8680-0157613D5785}.Release|Any CPU.Build.0 = Release|Any CPU
	EndGlobalSection
EndGlobal
